
Microsoft Visual Studio Solution File, Format Version 12.00
# Visual Studio 15
VisualStudioVersion = 15.0.28307.489
MinimumVisualStudioVersion = 10.0.40219.1
Project("{FAE04EC0-301F-11D3-BF4B-00C04F79EFBC}") = "VideoLinkDownloader", "VideoLinkDownloader\VideoLinkDownloader.csproj", "{B520B1C6-5C3A-403B-8B78-43386D11ECBE}"
EndProject
Global
	GlobalSection(SolutionConfigurationPlatforms) = preSolution
		Debug|Any CPU = Debug|Any CPU
		Release|Any CPU = Release|Any CPU
	EndGlobalSection
	GlobalSection(ProjectConfigurationPlatforms) = postSolution
		{B520B1C6-5C3A-403B-8B78-43386D11ECBE}.Debug|Any CPU.ActiveCfg = Debug|Any CPU
		{B520B1C6-5C3A-403B-8B78-43386D11ECBE}.Debug|Any CPU.Build.0 = Debug|Any CPU
		{B520B1C6-5C3A-403B-8B78-43386D11ECBE}.Release|Any CPU.ActiveCfg = Release|Any CPU
		{B520B1C6-5C3A-403B-8B78-43386D11ECBE}.Release|Any CPU.Build.0 = Release|Any CPU
	EndGlobalSection
	GlobalSection(SolutionProperties) = preSolution
		HideSolutionNode = FALSE
	EndGlobalSection
	GlobalSection(ExtensibilityGlobals) = postSolution
		SolutionGuid = {82B7FF79-FD03-4738-B53C-FDFAFA7D6358}
	EndGlobalSection
EndGlobal
